{
  "name": "package-lock-debugging",
  "version": "1.0.0",
  "lockfileVersion": 1,
  "requires": true,
  "dependencies": {
    "package-lock-debugging-dep": {
      "version": "github:tjenkinson/package-lock-debugging-dep#9dcf79c2ad9b7400fb16cf7cfdfd32ecaef9b504",
      "from": "github:tjenkinson/package-lock-debugging-dep#semver:^1.0.0"
    }
  }
}
